
Microsoft Visual Studio Solution File, Format Version 12.00
# Visual Studio 2015
Project("{FAE04EC0-301F-11D3-BF4B-00C04F79EFBC}") = "KinectRunnerGame.Plugins", "KinectRunnerGame.Plugins.csproj", "{D73E4AF2-2C52-421A-1F5C-0DA03DCF9A82}"
EndProject
Project("{FAE04EC0-301F-11D3-BF4B-00C04F79EFBC}") = "KinectRunnerGame", "KinectRunnerGame.csproj", "{699B66CC-2B7A-5BE8-8D02-85B46F0D3ED8}"
EndProject
Project("{FAE04EC0-301F-11D3-BF4B-00C04F79EFBC}") = "KinectRunnerGame.Editor.Plugins", "KinectRunnerGame.Editor.Plugins.csproj", "{C7F32B8E-756B-3360-36D4-33A5F81E404F}"
EndProject
Global
	GlobalSection(SolutionConfigurationPlatforms) = preSolution
		Debug|Any CPU = Debug|Any CPU
		Release|Any CPU = Release|Any CPU
	EndGlobalSection
	GlobalSection(ProjectConfigurationPlatforms) = postSolution
		{D73E4AF2-2C52-421A-1F5C-0DA03DCF9A82}.Debug|Any CPU.ActiveCfg = Debug|Any CPU
		{D73E4AF2-2C52-421A-1F5C-0DA03DCF9A82}.Debug|Any CPU.Build.0 = Debug|Any CPU
		{D73E4AF2-2C52-421A-1F5C-0DA03DCF9A82}.Release|Any CPU.ActiveCfg = Release|Any CPU
		{D73E4AF2-2C52-421A-1F5C-0DA03DCF9A82}.Release|Any CPU.Build.0 = Release|Any CPU
		{699B66CC-2B7A-5BE8-8D02-85B46F0D3ED8}.Debug|Any CPU.ActiveCfg = Debug|Any CPU
		{699B66CC-2B7A-5BE8-8D02-85B46F0D3ED8}.Debug|Any CPU.Build.0 = Debug|Any CPU
		{699B66CC-2B7A-5BE8-8D02-85B46F0D3ED8}.Release|Any CPU.ActiveCfg = Release|Any CPU
		{699B66CC-2B7A-5BE8-8D02-85B46F0D3ED8}.Release|Any CPU.Build.0 = Release|Any CPU
		{C7F32B8E-756B-3360-36D4-33A5F81E404F}.Debug|Any CPU.ActiveCfg = Debug|Any CPU
		{C7F32B8E-756B-3360-36D4-33A5F81E404F}.Debug|Any CPU.Build.0 = Debug|Any CPU
		{C7F32B8E-756B-3360-36D4-33A5F81E404F}.Release|Any CPU.ActiveCfg = Release|Any CPU
		{C7F32B8E-756B-3360-36D4-33A5F81E404F}.Release|Any CPU.Build.0 = Release|Any CPU
	EndGlobalSection
	GlobalSection(SolutionProperties) = preSolution
		HideSolutionNode = FALSE
	EndGlobalSection
EndGlobal
